// !$*UTF8*$!
{
	archiveVersion = 1;
	classes = {
	};
	objectVersion = 51;
	objects = {

/* Begin PBXBuildFile section */
		1136D2742513898D00E71ECF /* CustomButton.swift in Sources */ = {isa = PBXBuildFile; fileRef = 1136D2732513898D00E71ECF /* CustomButton.swift */; };
		1136D2762514DC8000E71ECF /* HomeViewController.swift in Sources */ = {isa = PBXBuildFile; fileRef = 1136D2752514DC8000E71ECF /* HomeViewController.swift */; };
		1136D2782514E05C00E71ECF /* AuthViewController.swift in Sources */ = {isa = PBXBuildFile; fileRef = 1136D2772514E05C00E71ECF /* AuthViewController.swift */; };
		1136D27A2514E0F400E71ECF /* SettingsViewController.swift in Sources */ = {isa = PBXBuildFile; fileRef = 1136D2792514E0F400E71ECF /* SettingsViewController.swift */; };
		1136D27D2514ECDA00E71ECF /* SignInViewController.swift in Sources */ = {isa = PBXBuildFile; fileRef = 1136D27C2514ECDA00E71ECF /* SignInViewController.swift */; };
		1136D27F2514F59B00E71ECF /* SignUpViewController.swift in Sources */ = {isa = PBXBuildFile; fileRef = 1136D27E2514F59B00E71ECF /* SignUpViewController.swift */; };
		115587D925125DAB0000C497 /* AppDelegate.swift in Sources */ = {isa = PBXBuildFile; fileRef = 115587D825125DAB0000C497 /* AppDelegate.swift */; };
		115587DB25125DAB0000C497 /* SceneDelegate.swift in Sources */ = {isa = PBXBuildFile; fileRef = 115587DA25125DAB0000C497 /* SceneDelegate.swift */; };
		115587DD25125DAB0000C497 /* ViewController.swift in Sources */ = {isa = PBXBuildFile; fileRef = 115587DC25125DAB0000C497 /* ViewController.swift */; };
		115587E025125DAB0000C497 /* Main.storyboard in Resources */ = {isa = PBXBuildFile; fileRef = 115587DE25125DAB0000C497 /* Main.storyboard */; };
		115587E325125DAB0000C497 /* WijekoonWHMCB_COBSCCOMP191P_006.xcdatamodeld in Sources */ = {isa = PBXBuildFile; fileRef = 115587E125125DAB0000C497 /* WijekoonWHMCB_COBSCCOMP191P_006.xcdatamodeld */; };
		115587E525125DAD0000C497 /* Assets.xcassets in Resources */ = {isa = PBXBuildFile; fileRef = 115587E425125DAD0000C497 /* Assets.xcassets */; };
		115587E825125DAD0000C497 /* LaunchScreen.storyboard in Resources */ = {isa = PBXBuildFile; fileRef = 115587E625125DAD0000C497 /* LaunchScreen.storyboard */; };
		116B50EF25150F34000AB82C /* TempViewController.swift in Sources */ = {isa = PBXBuildFile; fileRef = 116B50EE25150F34000AB82C /* TempViewController.swift */; };
		116B50F125151B90000AB82C /* CustomSection.swift in Sources */ = {isa = PBXBuildFile; fileRef = 116B50F025151B90000AB82C /* CustomSection.swift */; };
		11AB50BF25162233003A5883 /* ProfileViewController.swift in Sources */ = {isa = PBXBuildFile; fileRef = 11AB50BE25162233003A5883 /* ProfileViewController.swift */; };
		11AB50C125167FDE003A5883 /* LocationViewController.swift in Sources */ = {isa = PBXBuildFile; fileRef = 11AB50C025167FDD003A5883 /* LocationViewController.swift */; };
		11AB50C325171E30003A5883 /* ImgSliderViewController.swift in Sources */ = {isa = PBXBuildFile; fileRef = 11AB50C225171E30003A5883 /* ImgSliderViewController.swift */; };
		2235350DC3D603DFA9561D2D /* Pods_MHTABandara_COBSCCOMP191P_024.framework in Frameworks */ = {isa = PBXBuildFile; fileRef = BDE59AFD4A0D4C2A394796E3 /* Pods_MHTABandara_COBSCCOMP191P_024.framework */; };
		6BDAB68F2518CB7400EF865D /* GoogleService-Info.plist in Resources */ = {isa = PBXBuildFile; fileRef = 6BDAB68E2518CB7400EF865D /* GoogleService-Info.plist */; };
/* End PBXBuildFile section */

/* Begin PBXFileReference section */
		1136D2732513898D00E71ECF /* CustomButton.swift */ = {isa = PBXFileReference; lastKnownFileType = sourcecode.swift; path = CustomButton.swift; sourceTree = "<group>"; };
		1136D2752514DC8000E71ECF /* HomeViewController.swift */ = {isa = PBXFileReference; lastKnownFileType = sourcecode.swift; path = HomeViewController.swift; sourceTree = "<group>"; };
		1136D2772514E05C00E71ECF /* AuthViewController.swift */ = {isa = PBXFileReference; lastKnownFileType = sourcecode.swift; path = AuthViewController.swift; sourceTree = "<group>"; };
		1136D2792514E0F400E71ECF /* SettingsViewController.swift */ = {isa = PBXFileReference; lastKnownFileType = sourcecode.swift; path = SettingsViewController.swift; sourceTree = "<group>"; };
		1136D27C2514ECDA00E71ECF /* SignInViewController.swift */ = {isa = PBXFileReference; lastKnownFileType = sourcecode.swift; path = SignInViewController.swift; sourceTree = "<group>"; };
		1136D27E2514F59B00E71ECF /* SignUpViewController.swift */ = {isa = PBXFileReference; lastKnownFileType = sourcecode.swift; path = SignUpViewController.swift; sourceTree = "<group>"; };
		115587D525125DAB0000C497 /* MHTABandara-COBSCCOMP191P-024.app */ = {isa = PBXFileReference; explicitFileType = wrapper.application; includeInIndex = 0; path = "MHTABandara-COBSCCOMP191P-024.app"; sourceTree = BUILT_PRODUCTS_DIR; };
		115587D825125DAB0000C497 /* AppDelegate.swift */ = {isa = PBXFileReference; lastKnownFileType = sourcecode.swift; path = AppDelegate.swift; sourceTree = "<group>"; };
		115587DA25125DAB0000C497 /* SceneDelegate.swift */ = {isa = PBXFileReference; lastKnownFileType = sourcecode.swift; path = SceneDelegate.swift; sourceTree = "<group>"; };
		115587DC25125DAB0000C497 /* ViewController.swift */ = {isa = PBXFileReference; lastKnownFileType = sourcecode.swift; path = ViewController.swift; sourceTree = "<group>"; };
		115587DF25125DAB0000C497 /* Base */ = {isa = PBXFileReference; lastKnownFileType = file.storyboard; name = Base; path = Base.lproj/Main.storyboard; sourceTree = "<group>"; };
		115587E225125DAB0000C497 /* WijekoonWHMCB_COBSCCOMP191P_006.xcdatamodel */ = {isa = PBXFileReference; lastKnownFileType = wrapper.xcdatamodel; path = WijekoonWHMCB_COBSCCOMP191P_006.xcdatamodel; sourceTree = "<group>"; };
		115587E425125DAD0000C497 /* Assets.xcassets */ = {isa = PBXFileReference; lastKnownFileType = folder.assetcatalog; path = Assets.xcassets; sourceTree = "<group>"; };
		115587E725125DAD0000C497 /* Base */ = {isa = PBXFileReference; lastKnownFileType = file.storyboard; name = Base; path = Base.lproj/LaunchScreen.storyboard; sourceTree = "<group>"; };
		115587E925125DAD0000C497 /* Info.plist */ = {isa = PBXFileReference; lastKnownFileType = text.plist.xml; path = Info.plist; sourceTree = "<group>"; };
		115587F225125DAD0000C497 /* WijekoonWHMCB_COBSCCOMP191P_006Tests.swift */ = {isa = PBXFileReference; lastKnownFileType = sourcecode.swift; path = WijekoonWHMCB_COBSCCOMP191P_006Tests.swift; sourceTree = "<group>"; };
		115587F425125DAD0000C497 /* Info.plist */ = {isa = PBXFileReference; lastKnownFileType = text.plist.xml; path = Info.plist; sourceTree = "<group>"; };
		115587FD25125DAD0000C497 /* WijekoonWHMCB_COBSCCOMP191P_006UITests.swift */ = {isa = PBXFileReference; lastKnownFileType = sourcecode.swift; path = WijekoonWHMCB_COBSCCOMP191P_006UITests.swift; sourceTree = "<group>"; };
		115587FF25125DAD0000C497 /* Info.plist */ = {isa = PBXFileReference; lastKnownFileType = text.plist.xml; path = Info.plist; sourceTree = "<group>"; };
		116B50EE25150F34000AB82C /* TempViewController.swift */ = {isa = PBXFileReference; lastKnownFileType = sourcecode.swift; path = TempViewController.swift; sourceTree = "<group>"; };
		116B50F025151B90000AB82C /* CustomSection.swift */ = {isa = PBXFileReference; lastKnownFileType = sourcecode.swift; path = CustomSection.swift; sourceTree = "<group>"; };
		11AB50BE25162233003A5883 /* ProfileViewController.swift */ = {isa = PBXFileReference; lastKnownFileType = sourcecode.swift; path = ProfileViewController.swift; sourceTree = "<group>"; };
		11AB50C025167FDD003A5883 /* LocationViewController.swift */ = {isa = PBXFileReference; lastKnownFileType = sourcecode.swift; path = LocationViewController.swift; sourceTree = "<group>"; };
		11AB50C225171E30003A5883 /* ImgSliderViewController.swift */ = {isa = PBXFileReference; lastKnownFileType = sourcecode.swift; path = ImgSliderViewController.swift; sourceTree = "<group>"; };
		1361F0B814CDCF42F473FF1D /* Pods-MHTABandara-COBSCCOMP191P-024.debug.xcconfig */ = {isa = PBXFileReference; includeInIndex = 1; lastKnownFileType = text.xcconfig; name = "Pods-MHTABandara-COBSCCOMP191P-024.debug.xcconfig"; path = "Target Support Files/Pods-MHTABandara-COBSCCOMP191P-024/Pods-MHTABandara-COBSCCOMP191P-024.debug.xcconfig"; sourceTree = "<group>"; };
		6BDAB68E2518CB7400EF865D /* GoogleService-Info.plist */ = {isa = PBXFileReference; fileEncoding = 4; lastKnownFileType = text.plist.xml; path = "GoogleService-Info.plist"; sourceTree = "<group>"; };
		8D96DEBD7E088443B125C3F8 /* Pods-MHTABandara-COBSCCOMP191P-024.release.xcconfig */ = {isa = PBXFileReference; includeInIndex = 1; lastKnownFileType = text.xcconfig; name = "Pods-MHTABandara-COBSCCOMP191P-024.release.xcconfig"; path = "Target Support Files/Pods-MHTABandara-COBSCCOMP191P-024/Pods-MHTABandara-COBSCCOMP191P-024.release.xcconfig"; sourceTree = "<group>"; };
		BDE59AFD4A0D4C2A394796E3 /* Pods_MHTABandara_COBSCCOMP191P_024.framework */ = {isa = PBXFileReference; explicitFileType = wrapper.framework; includeInIndex = 0; path = Pods_MHTABandara_COBSCCOMP191P_024.framework; sourceTree = BUILT_PRODUCTS_DIR; };
/* End PBXFileReference section */

/* Begin PBXFrameworksBuildPhase section */
		115587D225125DAB0000C497 /* Frameworks */ = {
			isa = PBXFrameworksBuildPhase;
			buildActionMask = 2147483647;
			files = (
				2235350DC3D603DFA9561D2D /* Pods_MHTABandara_COBSCCOMP191P_024.framework in Frameworks */,
			);
			runOnlyForDeploymentPostprocessing = 0;
		};
/* End PBXFrameworksBuildPhase section */

/* Begin PBXGroup section */
		10615165E8ECB0809997A28D /* Pods */ = {
			isa = PBXGroup;
			children = (
				1361F0B814CDCF42F473FF1D /* Pods-MHTABandara-COBSCCOMP191P-024.debug.xcconfig */,
				8D96DEBD7E088443B125C3F8 /* Pods-MHTABandara-COBSCCOMP191P-024.release.xcconfig */,
			);
			path = Pods;
			sourceTree = "<group>";
		};
		1136D2722513896400E71ECF /* Utils */ = {
			isa = PBXGroup;
			children = (
				1136D2732513898D00E71ECF /* CustomButton.swift */,
				116B50F025151B90000AB82C /* CustomSection.swift */,
			);
			path = Utils;
			sourceTree = "<group>";
		};
		115587CC25125DAB0000C497 = {
			isa = PBXGroup;
			children = (
				115587D725125DAB0000C497 /* MHTABandara-COBSCCOMP191P-024 */,
				115587F125125DAD0000C497 /* MHTABandara-COBSCCOMP191P-024 */,
				115587FC25125DAD0000C497 /* WijekoonWHMCB-COBSCCOMP191P-006UITests */,
				115587D625125DAB0000C497 /* Products */,
				10615165E8ECB0809997A28D /* Pods */,
				F772A670CFD770601721C3F3 /* Frameworks */,
			);
			sourceTree = "<group>";
		};
		115587D625125DAB0000C497 /* Products */ = {
			isa = PBXGroup;
			children = (
				115587D525125DAB0000C497 /* MHTABandara-COBSCCOMP191P-024.app */,
			);
			name = Products;
			sourceTree = "<group>";
		};
		115587D725125DAB0000C497 /* MHTABandara-COBSCCOMP191P-024 */ = {
			isa = PBXGroup;
			children = (
				1136D2722513896400E71ECF /* Utils */,
				115587D825125DAB0000C497 /* AppDelegate.swift */,
				115587DA25125DAB0000C497 /* SceneDelegate.swift */,
				1155880E2512661E0000C497 /* Controllers */,
				1155880D251266120000C497 /* Views */,
				115587E425125DAD0000C497 /* Assets.xcassets */,
				115587E625125DAD0000C497 /* LaunchScreen.storyboard */,
				115587E925125DAD0000C497 /* Info.plist */,
				6BDAB68E2518CB7400EF865D /* GoogleService-Info.plist */,
				115587E125125DAB0000C497 /* WijekoonWHMCB_COBSCCOMP191P_006.xcdatamodeld */,
			);
			path = "MHTABandara-COBSCCOMP191P-024";
			sourceTree = "<group>";
		};
		115587F125125DAD0000C497 /* MHTABandara-COBSCCOMP191P-024 */ = {
			isa = PBXGroup;
			children = (
				115587F225125DAD0000C497 /* WijekoonWHMCB_COBSCCOMP191P_006Tests.swift */,
				115587F425125DAD0000C497 /* Info.plist */,
			);
			path = "MHTABandara-COBSCCOMP191P-024";
			sourceTree = "<group>";
		};
		115587FC25125DAD0000C497 /* WijekoonWHMCB-COBSCCOMP191P-006UITests */ = {
			isa = PBXGroup;
			children = (
				115587FD25125DAD0000C497 /* WijekoonWHMCB_COBSCCOMP191P_006UITests.swift */,
				115587FF25125DAD0000C497 /* Info.plist */,
			);
			path = "WijekoonWHMCB-COBSCCOMP191P-006UITests";
			sourceTree = "<group>";
		};
		1155880D251266120000C497 /* Views */ = {
			isa = PBXGroup;
			children = (
				115587DE25125DAB0000C497 /* Main.storyboard */,
			);
			path = Views;
			sourceTree = "<group>";
		};
		1155880E2512661E0000C497 /* Controllers */ = {
			isa = PBXGroup;
			children = (
				115587DC25125DAB0000C497 /* ViewController.swift */,
				1136D2752514DC8000E71ECF /* HomeViewController.swift */,
				1136D2772514E05C00E71ECF /* AuthViewController.swift */,
				1136D2792514E0F400E71ECF /* SettingsViewController.swift */,
				1136D27C2514ECDA00E71ECF /* SignInViewController.swift */,
				1136D27E2514F59B00E71ECF /* SignUpViewController.swift */,
				116B50EE25150F34000AB82C /* TempViewController.swift */,
				11AB50BE25162233003A5883 /* ProfileViewController.swift */,
				11AB50C025167FDD003A5883 /* LocationViewController.swift */,
				11AB50C225171E30003A5883 /* ImgSliderViewController.swift */,
			);
			path = Controllers;
			sourceTree = "<group>";
		};
		F772A670CFD770601721C3F3 /* Frameworks */ = {
			isa = PBXGroup;
			children = (
				BDE59AFD4A0D4C2A394796E3 /* Pods_MHTABandara_COBSCCOMP191P_024.framework */,
			);
			name = Frameworks;
			sourceTree = "<group>";
		};
/* End PBXGroup section */

/* Begin PBXNativeTarget section */
		115587D425125DAB0000C497 /* MHTABandara-COBSCCOMP191P-024 */ = {
			isa = PBXNativeTarget;
			buildConfigurationList = 1155880225125DAD0000C497 /* Build configuration list for PBXNativeTarget "MHTABandara-COBSCCOMP191P-024" */;
			buildPhases = (
				318D8680A7A6E22B5E0E5EDF /* [CP] Check Pods Manifest.lock */,
				115587D125125DAB0000C497 /* Sources */,
				115587D225125DAB0000C497 /* Frameworks */,
				115587D325125DAB0000C497 /* Resources */,
				D760294458CE25762602E090 /* [CP] Embed Pods Frameworks */,
			);
			buildRules = (
			);
			dependencies = (
			);
			name = "MHTABandara-COBSCCOMP191P-024";
			productName = "WijekoonWHMCB-COBSCCOMP191P-006";
			productReference = 115587D525125DAB0000C497 /* MHTABandara-COBSCCOMP191P-024.app */;
			productType = "com.apple.product-type.application";
		};
/* End PBXNativeTarget section */

/* Begin PBXProject section */
		115587CD25125DAB0000C497 /* Project object */ = {
			isa = PBXProject;
			attributes = {
				LastSwiftUpdateCheck = 1170;
				LastUpgradeCheck = 1170;
				ORGANIZATIONNAME = "Chathura Wijekoon";
				TargetAttributes = {
					115587D425125DAB0000C497 = {
						CreatedOnToolsVersion = 11.7;
					};
				};
			};
			buildConfigurationList = 115587D025125DAB0000C497 /* Build configuration list for PBXProject "MHTABandara-COBSCCOMP191P-024" */;
			compatibilityVersion = "Xcode 9.3";
			developmentRegion = en;
			hasScannedForEncodings = 0;
			knownRegions = (
				en,
				Base,
			);
			mainGroup = 115587CC25125DAB0000C497;
			productRefGroup = 115587D625125DAB0000C497 /* Products */;
			projectDirPath = "";
			projectRoot = "";
			targets = (
				115587D425125DAB0000C497 /* MHTABandara-COBSCCOMP191P-024 */,
			);
		};
/* End PBXProject section */

/* Begin PBXResourcesBuildPhase section */
		115587D325125DAB0000C497 /* Resources */ = {
			isa = PBXResourcesBuildPhase;
			buildActionMask = 2147483647;
			files = (
				115587E825125DAD0000C497 /* LaunchScreen.storyboard in Resources */,
				6BDAB68F2518CB7400EF865D /* GoogleService-Info.plist in Resources */,
				115587E525125DAD0000C497 /* Assets.xcassets in Resources */,
				115587E025125DAB0000C497 /* Main.storyboard in Resources */,
			);
			runOnlyForDeploymentPostprocessing = 0;
		};
/* End PBXResourcesBuildPhase section */

/* Begin PBXShellScriptBuildPhase section */
		318D8680A7A6E22B5E0E5EDF /* [CP] Check Pods Manifest.lock */ = {
			isa = PBXShellScriptBuildPhase;
			buildActionMask = 2147483647;
			files = (
			);
			inputFileListPaths = (
			);
			inputPaths = (
				"${PODS_PODFILE_DIR_PATH}/Podfile.lock",
				"${PODS_ROOT}/Manifest.lock",
			);
			name = "[CP] Check Pods Manifest.lock";
			outputFileListPaths = (
			);
			outputPaths = (
				"$(DERIVED_FILE_DIR)/Pods-MHTABandara-COBSCCOMP191P-024-checkManifestLockResult.txt",
			);
			runOnlyForDeploymentPostprocessing = 0;
			shellPath = /bin/sh;
			shellScript = "diff \"${PODS_PODFILE_DIR_PATH}/Podfile.lock\" \"${PODS_ROOT}/Manifest.lock\" > /dev/null\nif [ $? != 0 ] ; then\n    # print error to STDERR\n    echo \"error: The sandbox is not in sync with the Podfile.lock. Run 'pod install' or update your CocoaPods installation.\" >&2\n    exit 1\nfi\n# This output is used by Xcode 'outputs' to avoid re-running this script phase.\necho \"SUCCESS\" > \"${SCRIPT_OUTPUT_FILE_0}\"\n";
			showEnvVarsInLog = 0;
		};
		D760294458CE25762602E090 /* [CP] Embed Pods Frameworks */ = {
			isa = PBXShellScriptBuildPhase;
			buildActionMask = 2147483647;
			files = (
			);
			inputFileListPaths = (
				"${PODS_ROOT}/Target Support Files/Pods-MHTABandara-COBSCCOMP191P-024/Pods-MHTABandara-COBSCCOMP191P-024-frameworks-${CONFIGURATION}-input-files.xcfilelist",
			);
			name = "[CP] Embed Pods Frameworks";
			outputFileListPaths = (
				"${PODS_ROOT}/Target Support Files/Pods-MHTABandara-COBSCCOMP191P-024/Pods-MHTABandara-COBSCCOMP191P-024-frameworks-${CONFIGURATION}-output-files.xcfilelist",
			);
			runOnlyForDeploymentPostprocessing = 0;
			shellPath = /bin/sh;
			shellScript = "\"${PODS_ROOT}/Target Support Files/Pods-MHTABandara-COBSCCOMP191P-024/Pods-MHTABandara-COBSCCOMP191P-024-frameworks.sh\"\n";
			showEnvVarsInLog = 0;
		};
/* End PBXShellScriptBuildPhase section */

/* Begin PBXSourcesBuildPhase section */
		115587D125125DAB0000C497 /* Sources */ = {
			isa = PBXSourcesBuildPhase;
			buildActionMask = 2147483647;
			files = (
				1136D2782514E05C00E71ECF /* AuthViewController.swift in Sources */,
				115587DD25125DAB0000C497 /* ViewController.swift in Sources */,
				115587D925125DAB0000C497 /* AppDelegate.swift in Sources */,
				115587DB25125DAB0000C497 /* SceneDelegate.swift in Sources */,
				1136D27F2514F59B00E71ECF /* SignUpViewController.swift in Sources */,
				116B50EF25150F34000AB82C /* TempViewController.swift in Sources */,
				115587E325125DAB0000C497 /* WijekoonWHMCB_COBSCCOMP191P_006.xcdatamodeld in Sources */,
				11AB50C325171E30003A5883 /* ImgSliderViewController.swift in Sources */,
				11AB50C125167FDE003A5883 /* LocationViewController.swift in Sources */,
				1136D27D2514ECDA00E71ECF /* SignInViewController.swift in Sources */,
				1136D2742513898D00E71ECF /* CustomButton.swift in Sources */,
				1136D2762514DC8000E71ECF /* HomeViewController.swift in Sources */,
				11AB50BF25162233003A5883 /* ProfileViewController.swift in Sources */,
				116B50F125151B90000AB82C /* CustomSection.swift in Sources */,
				1136D27A2514E0F400E71ECF /* SettingsViewController.swift in Sources */,
			);
			runOnlyForDeploymentPostprocessing = 0;
		};
/* End PBXSourcesBuildPhase section */

/* Begin PBXVariantGroup section */
		115587DE25125DAB0000C497 /* Main.storyboard */ = {
			isa = PBXVariantGroup;
			children = (
				115587DF25125DAB0000C497 /* Base */,
			);
			name = Main.storyboard;
			sourceTree = "<group>";
		};
		115587E625125DAD0000C497 /* LaunchScreen.storyboard */ = {
			isa = PBXVariantGroup;
			children = (
				115587E725125DAD0000C497 /* Base */,
			);
			name = LaunchScreen.storyboard;
			sourceTree = "<group>";
		};
/* End PBXVariantGroup section */

/* Begin XCBuildConfiguration section */
		1155880025125DAD0000C497 /* Debug */ = {
			isa = XCBuildConfiguration;
			buildSettings = {
				ALWAYS_SEARCH_USER_PATHS = NO;
				CLANG_ANALYZER_NONNULL = YES;
				CLANG_ANALYZER_NUMBER_OBJECT_CONVERSION = YES_AGGRESSIVE;
				CLANG_CXX_LANGUAGE_STANDARD = "gnu++14";
				CLANG_CXX_LIBRARY = "libc++";
				CLANG_ENABLE_MODULES = YES;
				CLANG_ENABLE_OBJC_ARC = YES;
				CLANG_ENABLE_OBJC_WEAK = YES;
				CLANG_WARN_BLOCK_CAPTURE_AUTORELEASING = YES;
				CLANG_WARN_BOOL_CONVERSION = YES;
				CLANG_WARN_COMMA = YES;
				CLANG_WARN_CONSTANT_CONVERSION = YES;
				CLANG_WARN_DEPRECATED_OBJC_IMPLEMENTATIONS = YES;
				CLANG_WARN_DIRECT_OBJC_ISA_USAGE = YES_ERROR;
				CLANG_WARN_DOCUMENTATION_COMMENTS = YES;
				CLANG_WARN_EMPTY_BODY = YES;
				CLANG_WARN_ENUM_CONVERSION = YES;
				CLANG_WARN_INFINITE_RECURSION = YES;
				CLANG_WARN_INT_CONVERSION = YES;
				CLANG_WARN_NON_LITERAL_NULL_CONVERSION = YES;
				CLANG_WARN_OBJC_IMPLICIT_RETAIN_SELF = YES;
				CLANG_WARN_OBJC_LITERAL_CONVERSION = YES;
				CLANG_WARN_OBJC_ROOT_CLASS = YES_ERROR;
				CLANG_WARN_RANGE_LOOP_ANALYSIS = YES;
				CLANG_WARN_STRICT_PROTOTYPES = YES;
				CLANG_WARN_SUSPICIOUS_MOVE = YES;
				CLANG_WARN_UNGUARDED_AVAILABILITY = YES_AGGRESSIVE;
				CLANG_WARN_UNREACHABLE_CODE = YES;
				CLANG_WARN__DUPLICATE_METHOD_MATCH = YES;
				COPY_PHASE_STRIP = NO;
				DEBUG_INFORMATION_FORMAT = dwarf;
				ENABLE_STRICT_OBJC_MSGSEND = YES;
				ENABLE_TESTABILITY = YES;
				GCC_C_LANGUAGE_STANDARD = gnu11;
				GCC_DYNAMIC_NO_PIC = NO;
				GCC_NO_COMMON_BLOCKS = YES;
				GCC_OPTIMIZATION_LEVEL = 0;
				GCC_PREPROCESSOR_DEFINITIONS = (
					"DEBUG=1",
					"$(inherited)",
				);
				GCC_WARN_64_TO_32_BIT_CONVERSION = YES;
				GCC_WARN_ABOUT_RETURN_TYPE = YES_ERROR;
				GCC_WARN_UNDECLARED_SELECTOR = YES;
				GCC_WARN_UNINITIALIZED_AUTOS = YES_AGGRESSIVE;
				GCC_WARN_UNUSED_FUNCTION = YES;
				GCC_WARN_UNUSED_VARIABLE = YES;
				IPHONEOS_DEPLOYMENT_TARGET = 13.7;
				MTL_ENABLE_DEBUG_INFO = INCLUDE_SOURCE;
				MTL_FAST_MATH = YES;
				ONLY_ACTIVE_ARCH = YES;
				SDKROOT = iphoneos;
				SWIFT_ACTIVE_COMPILATION_CONDITIONS = DEBUG;
				SWIFT_OPTIMIZATION_LEVEL = "-Onone";
			};
			name = Debug;
		};
		1155880125125DAD0000C497 /* Release */ = {
			isa = XCBuildConfiguration;
			buildSettings = {
				ALWAYS_SEARCH_USER_PATHS = NO;
				CLANG_ANALYZER_NONNULL = YES;
				CLANG_ANALYZER_NUMBER_OBJECT_CONVERSION = YES_AGGRESSIVE;
				CLANG_CXX_LANGUAGE_STANDARD = "gnu++14";
				CLANG_CXX_LIBRARY = "libc++";
				CLANG_ENABLE_MODULES = YES;
				CLANG_ENABLE_OBJC_ARC = YES;
				CLANG_ENABLE_OBJC_WEAK = YES;
				CLANG_WARN_BLOCK_CAPTURE_AUTORELEASING = YES;
				CLANG_WARN_BOOL_CONVERSION = YES;
				CLANG_WARN_COMMA = YES;
				CLANG_WARN_CONSTANT_CONVERSION = YES;
				CLANG_WARN_DEPRECATED_OBJC_IMPLEMENTATIONS = YES;
				CLANG_WARN_DIRECT_OBJC_ISA_USAGE = YES_ERROR;
				CLANG_WARN_DOCUMENTATION_COMMENTS = YES;
				CLANG_WARN_EMPTY_BODY = YES;
				CLANG_WARN_ENUM_CONVERSION = YES;
				CLANG_WARN_INFINITE_RECURSION = YES;
				CLANG_WARN_INT_CONVERSION = YES;
				CLANG_WARN_NON_LITERAL_NULL_CONVERSION = YES;
				CLANG_WARN_OBJC_IMPLICIT_RETAIN_SELF = YES;
				CLANG_WARN_OBJC_LITERAL_CONVERSION = YES;
				CLANG_WARN_OBJC_ROOT_CLASS = YES_ERROR;
				CLANG_WARN_RANGE_LOOP_ANALYSIS = YES;
				CLANG_WARN_STRICT_PROTOTYPES = YES;
				CLANG_WARN_SUSPICIOUS_MOVE = YES;
				CLANG_WARN_UNGUARDED_AVAILABILITY = YES_AGGRESSIVE;
				CLANG_WARN_UNREACHABLE_CODE = YES;
				CLANG_WARN__DUPLICATE_METHOD_MATCH = YES;
				COPY_PHASE_STRIP = NO;
				DEBUG_INFORMATION_FORMAT = "dwarf-with-dsym";
				ENABLE_NS_ASSERTIONS = NO;
				ENABLE_STRICT_OBJC_MSGSEND = YES;
				GCC_C_LANGUAGE_STANDARD = gnu11;
				GCC_NO_COMMON_BLOCKS = YES;
				GCC_WARN_64_TO_32_BIT_CONVERSION = YES;
				GCC_WARN_ABOUT_RETURN_TYPE = YES_ERROR;
				GCC_WARN_UNDECLARED_SELECTOR = YES;
				GCC_WARN_UNINITIALIZED_AUTOS = YES_AGGRESSIVE;
				GCC_WARN_UNUSED_FUNCTION = YES;
				GCC_WARN_UNUSED_VARIABLE = YES;
				IPHONEOS_DEPLOYMENT_TARGET = 13.7;
				MTL_ENABLE_DEBUG_INFO = NO;
				MTL_FAST_MATH = YES;
				SDKROOT = iphoneos;
				SWIFT_COMPILATION_MODE = wholemodule;
				SWIFT_OPTIMIZATION_LEVEL = "-O";
				VALIDATE_PRODUCT = YES;
			};
			name = Release;
		};
		1155880325125DAD0000C497 /* Debug */ = {
			isa = XCBuildConfiguration;
			baseConfigurationReference = 1361F0B814CDCF42F473FF1D /* Pods-MHTABandara-COBSCCOMP191P-024.debug.xcconfig */;
			buildSettings = {
				ASSETCATALOG_COMPILER_APPICON_NAME = AppIcon;
				CODE_SIGN_STYLE = Automatic;
				DEVELOPMENT_TEAM = XYJ23FN796;
				INFOPLIST_FILE = "MHTABandara-COBSCCOMP191P-024/Info.plist";
				LD_RUNPATH_SEARCH_PATHS = (
					"$(inherited)",
					"@executable_path/Frameworks",
				);
				PRODUCT_BUNDLE_IDENTIFIER = "com.chathura.BandaraMHTA-COBSCCOMP191P-024";
				PRODUCT_NAME = "$(TARGET_NAME)";
				SWIFT_VERSION = 5.0;
				TARGETED_DEVICE_FAMILY = "1,2";
			};
			name = Debug;
		};
		1155880425125DAD0000C497 /* Release */ = {
			isa = XCBuildConfiguration;
			baseConfigurationReference = 8D96DEBD7E088443B125C3F8 /* Pods-MHTABandara-COBSCCOMP191P-024.release.xcconfig */;
			buildSettings = {
				ASSETCATALOG_COMPILER_APPICON_NAME = AppIcon;
				CODE_SIGN_STYLE = Automatic;
				DEVELOPMENT_TEAM = XYJ23FN796;
				INFOPLIST_FILE = "MHTABandara-COBSCCOMP191P-024/Info.plist";
				LD_RUNPATH_SEARCH_PATHS = (
					"$(inherited)",
					"@executable_path/Frameworks",
				);
				PRODUCT_BUNDLE_IDENTIFIER = "com.chathura.BandaraMHTA-COBSCCOMP191P-024";
				PRODUCT_NAME = "$(TARGET_NAME)";
				SWIFT_VERSION = 5.0;
				TARGETED_DEVICE_FAMILY = "1,2";
			};
			name = Release;
		};
/* End XCBuildConfiguration section */

/* Begin XCConfigurationList section */
		115587D025125DAB0000C497 /* Build configuration list for PBXProject "MHTABandara-COBSCCOMP191P-024" */ = {
			isa = XCConfigurationList;
			buildConfigurations = (
				1155880025125DAD0000C497 /* Debug */,
				1155880125125DAD0000C497 /* Release */,
			);
			defaultConfigurationIsVisible = 0;
			defaultConfigurationName = Release;
		};
		1155880225125DAD0000C497 /* Build configuration list for PBXNativeTarget "MHTABandara-COBSCCOMP191P-024" */ = {
			isa = XCConfigurationList;
			buildConfigurations = (
				1155880325125DAD0000C497 /* Debug */,
				1155880425125DAD0000C497 /* Release */,
			);
			defaultConfigurationIsVisible = 0;
			defaultConfigurationName = Release;
		};
/* End XCConfigurationList section */

/* Begin XCVersionGroup section */
		115587E125125DAB0000C497 /* WijekoonWHMCB_COBSCCOMP191P_006.xcdatamodeld */ = {
			isa = XCVersionGroup;
			children = (
				115587E225125DAB0000C497 /* WijekoonWHMCB_COBSCCOMP191P_006.xcdatamodel */,
			);
			currentVersion = 115587E225125DAB0000C497 /* WijekoonWHMCB_COBSCCOMP191P_006.xcdatamodel */;
			path = WijekoonWHMCB_COBSCCOMP191P_006.xcdatamodeld;
			sourceTree = "<group>";
			versionGroupType = wrapper.xcdatamodel;
		};
/* End XCVersionGroup section */
	};
	rootObject = 115587CD25125DAB0000C497 /* Project object */;
}
